// !$*UTF8*$!
{
	archiveVersion = 1;
	classes = {
	};
	objectVersion = 46;
	objects = {

/* Begin PBXBuildFile section */
		0051F1E6FF918D3950C692FB /* Pods.framework in Frameworks */ = {isa = PBXBuildFile; fileRef = EC64D020E9AC02CE674BDB8B /* Pods.framework */; };
		4F01858F1C878AB9008E710E /* Mode.swift in Sources */ = {isa = PBXBuildFile; fileRef = 4F01858E1C878AB9008E710E /* Mode.swift */; };
		4F0185911C878D0A008E710E /* UtilityGlobal.swift in Sources */ = {isa = PBXBuildFile; fileRef = 4F0185901C878D0A008E710E /* UtilityGlobal.swift */; };
		4F1BDADC1CD044E200EF554C /* BLEHandler.swift in Sources */ = {isa = PBXBuildFile; fileRef = 4FF96E8E1C8781D900165FCD /* BLEHandler.swift */; };
		4F2303A91C8E3F5A009C5F71 /* StaticModeSelectViewController.swift in Sources */ = {isa = PBXBuildFile; fileRef = 4F2303A81C8E3F5A009C5F71 /* StaticModeSelectViewController.swift */; };
		4F2303AB1C8E3F66009C5F71 /* DynamicModeSelectViewController.swift in Sources */ = {isa = PBXBuildFile; fileRef = 4F2303AA1C8E3F66009C5F71 /* DynamicModeSelectViewController.swift */; };
		4F4712451CA5FF200076D68A /* CooperHewitt-Light.otf in Resources */ = {isa = PBXBuildFile; fileRef = 4F4712441CA5FECD0076D68A /* CooperHewitt-Light.otf */; };
		4F824FF21C80E2290090D3F5 /* AppDelegate.swift in Sources */ = {isa = PBXBuildFile; fileRef = 4F824FF11C80E2290090D3F5 /* AppDelegate.swift */; };
		4F824FF71C80E2290090D3F5 /* Main.storyboard in Resources */ = {isa = PBXBuildFile; fileRef = 4F824FF51C80E2290090D3F5 /* Main.storyboard */; };
		4F824FF91C80E2290090D3F5 /* Assets.xcassets in Resources */ = {isa = PBXBuildFile; fileRef = 4F824FF81C80E2290090D3F5 /* Assets.xcassets */; };
		4F824FFC1C80E2290090D3F5 /* LaunchScreen.storyboard in Resources */ = {isa = PBXBuildFile; fileRef = 4F824FFA1C80E2290090D3F5 /* LaunchScreen.storyboard */; };
		4F8250071C80E22A0090D3F5 /* POVSphereTests.swift in Sources */ = {isa = PBXBuildFile; fileRef = 4F8250061C80E22A0090D3F5 /* POVSphereTests.swift */; };
		4F8250121C80E22A0090D3F5 /* POVSphereUITests.swift in Sources */ = {isa = PBXBuildFile; fileRef = 4F8250111C80E22A0090D3F5 /* POVSphereUITests.swift */; };
		4FD586ED1CA9CC90002979B0 /* StaticModeNoIconCollectionViewCell.swift in Sources */ = {isa = PBXBuildFile; fileRef = 4FD586EC1CA9CC90002979B0 /* StaticModeNoIconCollectionViewCell.swift */; };
		4FD694AB1CD1B6FE0091EF35 /* ArtModeViewController.swift in Sources */ = {isa = PBXBuildFile; fileRef = 4FF96E861C8780BE00165FCD /* ArtModeViewController.swift */; };
		4FE58D241CCEAC170000E8D0 /* MessageModeViewController.swift in Sources */ = {isa = PBXBuildFile; fileRef = 4FE58D231CCEAC160000E8D0 /* MessageModeViewController.swift */; };
		4FE58D251CCEAC170000E8D0 /* MessageModeViewController.swift in Sources */ = {isa = PBXBuildFile; fileRef = 4FE58D231CCEAC160000E8D0 /* MessageModeViewController.swift */; };
		4FF96E811C87801100165FCD /* ConnectViewController.swift in Sources */ = {isa = PBXBuildFile; fileRef = 4FF96E801C87801100165FCD /* ConnectViewController.swift */; };
		4FF96E851C87805E00165FCD /* StaticModeRunningViewController.swift in Sources */ = {isa = PBXBuildFile; fileRef = 4FF96E841C87805E00165FCD /* StaticModeRunningViewController.swift */; };
		4FF96E871C8780BE00165FCD /* ArtModeViewController.swift in Sources */ = {isa = PBXBuildFile; fileRef = 4FF96E861C8780BE00165FCD /* ArtModeViewController.swift */; };
		4FF96E891C87813000165FCD /* CoreBluetooth.framework in Frameworks */ = {isa = PBXBuildFile; fileRef = 4FF96E881C87812F00165FCD /* CoreBluetooth.framework */; };
		4FF96E8D1C8781B600165FCD /* BLEManager.swift in Sources */ = {isa = PBXBuildFile; fileRef = 4FF96E8C1C8781B600165FCD /* BLEManager.swift */; };
		4FF96E8F1C8781D900165FCD /* BLEHandler.swift in Sources */ = {isa = PBXBuildFile; fileRef = 4FF96E8E1C8781D900165FCD /* BLEHandler.swift */; };
		4FFBDDBF1C90BA0100EADF3B /* StaticModeCollectionViewCell.swift in Sources */ = {isa = PBXBuildFile; fileRef = 4FFBDDBE1C90BA0100EADF3B /* StaticModeCollectionViewCell.swift */; };
		4FFBDDC11C90BA0B00EADF3B /* DynamicModeCollectionViewCell.swift in Sources */ = {isa = PBXBuildFile; fileRef = 4FFBDDC01C90BA0B00EADF3B /* DynamicModeCollectionViewCell.swift */; };
		669725CA1CD6A1A70017E717 /* UtilityGlobal.swift in Sources */ = {isa = PBXBuildFile; fileRef = 4F0185901C878D0A008E710E /* UtilityGlobal.swift */; };
		669725CB1CD6A1AC0017E717 /* ConnectViewController.swift in Sources */ = {isa = PBXBuildFile; fileRef = 4FF96E801C87801100165FCD /* ConnectViewController.swift */; };
		669725CC1CD6A3840017E717 /* BLEManager.swift in Sources */ = {isa = PBXBuildFile; fileRef = 4FF96E8C1C8781B600165FCD /* BLEManager.swift */; };
/* End PBXBuildFile section */

/* Begin PBXContainerItemProxy section */
		4F8250031C80E22A0090D3F5 /* PBXContainerItemProxy */ = {
			isa = PBXContainerItemProxy;
			containerPortal = 4F824FE61C80E2290090D3F5 /* Project object */;
			proxyType = 1;
			remoteGlobalIDString = 4F824FED1C80E2290090D3F5;
			remoteInfo = POVSphere;
		};
		4F82500E1C80E22A0090D3F5 /* PBXContainerItemProxy */ = {
			isa = PBXContainerItemProxy;
			containerPortal = 4F824FE61C80E2290090D3F5 /* Project object */;
			proxyType = 1;
			remoteGlobalIDString = 4F824FED1C80E2290090D3F5;
			remoteInfo = POVSphere;
		};
/* End PBXContainerItemProxy section */

/* Begin PBXFileReference section */
		1D369FE48AE7B0669CA94596 /* Pods.debug.xcconfig */ = {isa = PBXFileReference; includeInIndex = 1; lastKnownFileType = text.xcconfig; name = Pods.debug.xcconfig; path = "Pods/Target Support Files/Pods/Pods.debug.xcconfig"; sourceTree = "<group>"; };
		4F01858E1C878AB9008E710E /* Mode.swift */ = {isa = PBXFileReference; fileEncoding = 4; lastKnownFileType = sourcecode.swift; path = Mode.swift; sourceTree = "<group>"; };
		4F0185901C878D0A008E710E /* UtilityGlobal.swift */ = {isa = PBXFileReference; fileEncoding = 4; lastKnownFileType = sourcecode.swift; path = UtilityGlobal.swift; sourceTree = "<group>"; };
		4F2303A81C8E3F5A009C5F71 /* StaticModeSelectViewController.swift */ = {isa = PBXFileReference; fileEncoding = 4; lastKnownFileType = sourcecode.swift; path = StaticModeSelectViewController.swift; sourceTree = "<group>"; };
		4F2303AA1C8E3F66009C5F71 /* DynamicModeSelectViewController.swift */ = {isa = PBXFileReference; fileEncoding = 4; lastKnownFileType = sourcecode.swift; path = DynamicModeSelectViewController.swift; sourceTree = "<group>"; };
		4F4712441CA5FECD0076D68A /* CooperHewitt-Light.otf */ = {isa = PBXFileReference; lastKnownFileType = file; path = "CooperHewitt-Light.otf"; sourceTree = "<group>"; };
		4F824FEE1C80E2290090D3F5 /* POVSphere.app */ = {isa = PBXFileReference; explicitFileType = wrapper.application; includeInIndex = 0; path = POVSphere.app; sourceTree = BUILT_PRODUCTS_DIR; };
		4F824FF11C80E2290090D3F5 /* AppDelegate.swift */ = {isa = PBXFileReference; lastKnownFileType = sourcecode.swift; path = AppDelegate.swift; sourceTree = "<group>"; };
		4F824FF61C80E2290090D3F5 /* Base */ = {isa = PBXFileReference; lastKnownFileType = file.storyboard; name = Base; path = Base.lproj/Main.storyboard; sourceTree = "<group>"; };
		4F824FF81C80E2290090D3F5 /* Assets.xcassets */ = {isa = PBXFileReference; lastKnownFileType = folder.assetcatalog; path = Assets.xcassets; sourceTree = "<group>"; };
		4F824FFB1C80E2290090D3F5 /* Base */ = {isa = PBXFileReference; lastKnownFileType = file.storyboard; name = Base; path = Base.lproj/LaunchScreen.storyboard; sourceTree = "<group>"; };
		4F824FFD1C80E2290090D3F5 /* Info.plist */ = {isa = PBXFileReference; lastKnownFileType = text.plist.xml; path = Info.plist; sourceTree = "<group>"; };
		4F8250021C80E22A0090D3F5 /* POVSphereTests.xctest */ = {isa = PBXFileReference; explicitFileType = wrapper.cfbundle; includeInIndex = 0; path = POVSphereTests.xctest; sourceTree = BUILT_PRODUCTS_DIR; };
		4F8250061C80E22A0090D3F5 /* POVSphereTests.swift */ = {isa = PBXFileReference; lastKnownFileType = sourcecode.swift; path = POVSphereTests.swift; sourceTree = "<group>"; };
		4F8250081C80E22A0090D3F5 /* Info.plist */ = {isa = PBXFileReference; lastKnownFileType = text.plist.xml; path = Info.plist; sourceTree = "<group>"; };
		4F82500D1C80E22A0090D3F5 /* POVSphereUITests.xctest */ = {isa = PBXFileReference; explicitFileType = wrapper.cfbundle; includeInIndex = 0; path = POVSphereUITests.xctest; sourceTree = BUILT_PRODUCTS_DIR; };
		4F8250111C80E22A0090D3F5 /* POVSphereUITests.swift */ = {isa = PBXFileReference; lastKnownFileType = sourcecode.swift; path = POVSphereUITests.swift; sourceTree = "<group>"; };
		4F8250131C80E22A0090D3F5 /* Info.plist */ = {isa = PBXFileReference; lastKnownFileType = text.plist.xml; path = Info.plist; sourceTree = "<group>"; };
		4FD586EC1CA9CC90002979B0 /* StaticModeNoIconCollectionViewCell.swift */ = {isa = PBXFileReference; fileEncoding = 4; lastKnownFileType = sourcecode.swift; path = StaticModeNoIconCollectionViewCell.swift; sourceTree = "<group>"; };
		4FE58D231CCEAC160000E8D0 /* MessageModeViewController.swift */ = {isa = PBXFileReference; fileEncoding = 4; lastKnownFileType = sourcecode.swift; path = MessageModeViewController.swift; sourceTree = "<group>"; };
		4FF96E801C87801100165FCD /* ConnectViewController.swift */ = {isa = PBXFileReference; fileEncoding = 4; lastKnownFileType = sourcecode.swift; path = ConnectViewController.swift; sourceTree = "<group>"; };
		4FF96E841C87805E00165FCD /* StaticModeRunningViewController.swift */ = {isa = PBXFileReference; fileEncoding = 4; lastKnownFileType = sourcecode.swift; path = StaticModeRunningViewController.swift; sourceTree = "<group>"; };
		4FF96E861C8780BE00165FCD /* ArtModeViewController.swift */ = {isa = PBXFileReference; fileEncoding = 4; lastKnownFileType = sourcecode.swift; path = ArtModeViewController.swift; sourceTree = "<group>"; };
		4FF96E881C87812F00165FCD /* CoreBluetooth.framework */ = {isa = PBXFileReference; lastKnownFileType = wrapper.framework; name = CoreBluetooth.framework; path = System/Library/Frameworks/CoreBluetooth.framework; sourceTree = SDKROOT; };
		4FF96E8C1C8781B600165FCD /* BLEManager.swift */ = {isa = PBXFileReference; fileEncoding = 4; lastKnownFileType = sourcecode.swift; path = BLEManager.swift; sourceTree = "<group>"; };
		4FF96E8E1C8781D900165FCD /* BLEHandler.swift */ = {isa = PBXFileReference; fileEncoding = 4; lastKnownFileType = sourcecode.swift; path = BLEHandler.swift; sourceTree = "<group>"; };
		4FFBDDBE1C90BA0100EADF3B /* StaticModeCollectionViewCell.swift */ = {isa = PBXFileReference; fileEncoding = 4; lastKnownFileType = sourcecode.swift; path = StaticModeCollectionViewCell.swift; sourceTree = "<group>"; };
		4FFBDDC01C90BA0B00EADF3B /* DynamicModeCollectionViewCell.swift */ = {isa = PBXFileReference; fileEncoding = 4; lastKnownFileType = sourcecode.swift; path = DynamicModeCollectionViewCell.swift; sourceTree = "<group>"; };
		92199B5ABF526CD396DA82C3 /* Pods.release.xcconfig */ = {isa = PBXFileReference; includeInIndex = 1; lastKnownFileType = text.xcconfig; name = Pods.release.xcconfig; path = "Pods/Target Support Files/Pods/Pods.release.xcconfig"; sourceTree = "<group>"; };
		EC64D020E9AC02CE674BDB8B /* Pods.framework */ = {isa = PBXFileReference; explicitFileType = wrapper.framework; includeInIndex = 0; path = Pods.framework; sourceTree = BUILT_PRODUCTS_DIR; };
/* End PBXFileReference section */

/* Begin PBXFrameworksBuildPhase section */
		4F824FEB1C80E2290090D3F5 /* Frameworks */ = {
			isa = PBXFrameworksBuildPhase;
			buildActionMask = 2147483647;
			files = (
				4FF96E891C87813000165FCD /* CoreBluetooth.framework in Frameworks */,
				0051F1E6FF918D3950C692FB /* Pods.framework in Frameworks */,
			);
			runOnlyForDeploymentPostprocessing = 0;
		};
		4F824FFF1C80E22A0090D3F5 /* Frameworks */ = {
			isa = PBXFrameworksBuildPhase;
			buildActionMask = 2147483647;
			files = (
			);
			runOnlyForDeploymentPostprocessing = 0;
		};
		4F82500A1C80E22A0090D3F5 /* Frameworks */ = {
			isa = PBXFrameworksBuildPhase;
			buildActionMask = 2147483647;
			files = (
			);
			runOnlyForDeploymentPostprocessing = 0;
		};
/* End PBXFrameworksBuildPhase section */

/* Begin PBXGroup section */
		1A0D628DA80709F8C550C4BB /* Pods */ = {
			isa = PBXGroup;
			children = (
				1D369FE48AE7B0669CA94596 /* Pods.debug.xcconfig */,
				92199B5ABF526CD396DA82C3 /* Pods.release.xcconfig */,
			);
			name = Pods;
			sourceTree = "<group>";
		};
		4F824FE51C80E2290090D3F5 = {
			isa = PBXGroup;
			children = (
				4F824FF01C80E2290090D3F5 /* POVSphere */,
				4F8250051C80E22A0090D3F5 /* POVSphereTests */,
				4F8250101C80E22A0090D3F5 /* POVSphereUITests */,
				4F824FEF1C80E2290090D3F5 /* Products */,
				4FF96E8A1C87814600165FCD /* Frameworks */,
				1A0D628DA80709F8C550C4BB /* Pods */,
			);
			sourceTree = "<group>";
		};
		4F824FEF1C80E2290090D3F5 /* Products */ = {
			isa = PBXGroup;
			children = (
				4F824FEE1C80E2290090D3F5 /* POVSphere.app */,
				4F8250021C80E22A0090D3F5 /* POVSphereTests.xctest */,
				4F82500D1C80E22A0090D3F5 /* POVSphereUITests.xctest */,
			);
			name = Products;
			sourceTree = "<group>";
		};
		4F824FF01C80E2290090D3F5 /* POVSphere */ = {
			isa = PBXGroup;
			children = (
				4F824FF51C80E2290090D3F5 /* Main.storyboard */,
				4F0185901C878D0A008E710E /* UtilityGlobal.swift */,
				4FF96E7E1C877F6500165FCD /* ViewControllers */,
				4FF96E7F1C877F6C00165FCD /* Model */,
				4FF96E8B1C87816F00165FCD /* BLE */,
				4FF96E7D1C877F2200165FCD /* AppDelegateAssetsEtc */,
			);
			path = POVSphere;
			sourceTree = "<group>";
		};
		4F8250051C80E22A0090D3F5 /* POVSphereTests */ = {
			isa = PBXGroup;
			children = (
				4F8250061C80E22A0090D3F5 /* POVSphereTests.swift */,
				4F8250081C80E22A0090D3F5 /* Info.plist */,
			);
			path = POVSphereTests;
			sourceTree = "<group>";
		};
		4F8250101C80E22A0090D3F5 /* POVSphereUITests */ = {
			isa = PBXGroup;
			children = (
				4F8250111C80E22A0090D3F5 /* POVSphereUITests.swift */,
				4F8250131C80E22A0090D3F5 /* Info.plist */,
			);
			path = POVSphereUITests;
			sourceTree = "<group>";
		};
		4FF96E7D1C877F2200165FCD /* AppDelegateAssetsEtc */ = {
			isa = PBXGroup;
			children = (
				4F4712441CA5FECD0076D68A /* CooperHewitt-Light.otf */,
				4F824FF11C80E2290090D3F5 /* AppDelegate.swift */,
				4F824FF81C80E2290090D3F5 /* Assets.xcassets */,
				4F824FFA1C80E2290090D3F5 /* LaunchScreen.storyboard */,
				4F824FFD1C80E2290090D3F5 /* Info.plist */,
			);
			name = AppDelegateAssetsEtc;
			sourceTree = "<group>";
		};
		4FF96E7E1C877F6500165FCD /* ViewControllers */ = {
			isa = PBXGroup;
			children = (
				4FF96E801C87801100165FCD /* ConnectViewController.swift */,
				4FFBDDBC1C90B67300EADF3B /* StaticMode */,
				4FFBDDBD1C90B68C00EADF3B /* DynamicMode */,
			);
			name = ViewControllers;
			sourceTree = "<group>";
		};
		4FF96E7F1C877F6C00165FCD /* Model */ = {
			isa = PBXGroup;
			children = (
				4F01858E1C878AB9008E710E /* Mode.swift */,
			);
			name = Model;
			sourceTree = "<group>";
		};
		4FF96E8A1C87814600165FCD /* Frameworks */ = {
			isa = PBXGroup;
			children = (
				4FF96E881C87812F00165FCD /* CoreBluetooth.framework */,
				EC64D020E9AC02CE674BDB8B /* Pods.framework */,
			);
			name = Frameworks;
			sourceTree = "<group>";
		};
		4FF96E8B1C87816F00165FCD /* BLE */ = {
			isa = PBXGroup;
			children = (
				4FF96E8C1C8781B600165FCD /* BLEManager.swift */,
				4FF96E8E1C8781D900165FCD /* BLEHandler.swift */,
			);
			name = BLE;
			sourceTree = "<group>";
		};
		4FFBDDBC1C90B67300EADF3B /* StaticMode */ = {
			isa = PBXGroup;
			children = (
				4FFBDDC21C90BA1C00EADF3B /* StaticModeSelectViewController */,
				4FF96E841C87805E00165FCD /* StaticModeRunningViewController.swift */,
			);
			name = StaticMode;
			sourceTree = "<group>";
		};
		4FFBDDBD1C90B68C00EADF3B /* DynamicMode */ = {
			isa = PBXGroup;
			children = (
				4FFBDDC31C90BA3B00EADF3B /* DynamicModeSelectViewController */,
				4FF96E861C8780BE00165FCD /* ArtModeViewController.swift */,
				4FE58D231CCEAC160000E8D0 /* MessageModeViewController.swift */,
			);
			name = DynamicMode;
			sourceTree = "<group>";
		};
		4FFBDDC21C90BA1C00EADF3B /* StaticModeSelectViewController */ = {
			isa = PBXGroup;
			children = (
				4F2303A81C8E3F5A009C5F71 /* StaticModeSelectViewController.swift */,
				4FFBDDBE1C90BA0100EADF3B /* StaticModeCollectionViewCell.swift */,
				4FD586EC1CA9CC90002979B0 /* StaticModeNoIconCollectionViewCell.swift */,
			);
			name = StaticModeSelectViewController;
			sourceTree = "<group>";
		};
		4FFBDDC31C90BA3B00EADF3B /* DynamicModeSelectViewController */ = {
			isa = PBXGroup;
			children = (
				4F2303AA1C8E3F66009C5F71 /* DynamicModeSelectViewController.swift */,
				4FFBDDC01C90BA0B00EADF3B /* DynamicModeCollectionViewCell.swift */,
			);
			name = DynamicModeSelectViewController;
			sourceTree = "<group>";
		};
/* End PBXGroup section */

/* Begin PBXNativeTarget section */
		4F824FED1C80E2290090D3F5 /* POVSphere */ = {
			isa = PBXNativeTarget;
			buildConfigurationList = 4F8250161C80E22A0090D3F5 /* Build configuration list for PBXNativeTarget "POVSphere" */;
			buildPhases = (
				16E808F6640A2AB3F60AF892 /* Check Pods Manifest.lock */,
				4F824FEA1C80E2290090D3F5 /* Sources */,
				4F824FEB1C80E2290090D3F5 /* Frameworks */,
				4F824FEC1C80E2290090D3F5 /* Resources */,
				55FD007343F4D01CFB81D348 /* Embed Pods Frameworks */,
				9AFC65E1500ECE5B080C1D62 /* Copy Pods Resources */,
			);
			buildRules = (
			);
			dependencies = (
			);
			name = POVSphere;
			productName = POVSphere;
			productReference = 4F824FEE1C80E2290090D3F5 /* POVSphere.app */;
			productType = "com.apple.product-type.application";
		};
		4F8250011C80E22A0090D3F5 /* POVSphereTests */ = {
			isa = PBXNativeTarget;
			buildConfigurationList = 4F8250191C80E22A0090D3F5 /* Build configuration list for PBXNativeTarget "POVSphereTests" */;
			buildPhases = (
				4F824FFE1C80E22A0090D3F5 /* Sources */,
				4F824FFF1C80E22A0090D3F5 /* Frameworks */,
				4F8250001C80E22A0090D3F5 /* Resources */,
			);
			buildRules = (
			);
			dependencies = (
				4F8250041C80E22A0090D3F5 /* PBXTargetDependency */,
			);
			name = POVSphereTests;
			productName = POVSphereTests;
			productReference = 4F8250021C80E22A0090D3F5 /* POVSphereTests.xctest */;
			productType = "com.apple.product-type.bundle.unit-test";
		};
		4F82500C1C80E22A0090D3F5 /* POVSphereUITests */ = {
			isa = PBXNativeTarget;
			buildConfigurationList = 4F82501C1C80E22A0090D3F5 /* Build configuration list for PBXNativeTarget "POVSphereUITests" */;
			buildPhases = (
				4F8250091C80E22A0090D3F5 /* Sources */,
				4F82500A1C80E22A0090D3F5 /* Frameworks */,
				4F82500B1C80E22A0090D3F5 /* Resources */,
			);
			buildRules = (
			);
			dependencies = (
				4F82500F1C80E22A0090D3F5 /* PBXTargetDependency */,
			);
			name = POVSphereUITests;
			productName = POVSphereUITests;
			productReference = 4F82500D1C80E22A0090D3F5 /* POVSphereUITests.xctest */;
			productType = "com.apple.product-type.bundle.ui-testing";
		};
/* End PBXNativeTarget section */

/* Begin PBXProject section */
		4F824FE61C80E2290090D3F5 /* Project object */ = {
			isa = PBXProject;
			attributes = {
				LastSwiftUpdateCheck = 0720;
				LastUpgradeCheck = 0720;
				ORGANIZATIONNAME = Kode;
				TargetAttributes = {
					4F824FED1C80E2290090D3F5 = {
						CreatedOnToolsVersion = 7.2.1;
						DevelopmentTeam = 2D7FSJNP7E;
					};
					4F8250011C80E22A0090D3F5 = {
						CreatedOnToolsVersion = 7.2.1;
						DevelopmentTeam = 2D7FSJNP7E;
						TestTargetID = 4F824FED1C80E2290090D3F5;
					};
					4F82500C1C80E22A0090D3F5 = {
						CreatedOnToolsVersion = 7.2.1;
						DevelopmentTeam = 2D7FSJNP7E;
						TestTargetID = 4F824FED1C80E2290090D3F5;
					};
				};
			};
			buildConfigurationList = 4F824FE91C80E2290090D3F5 /* Build configuration list for PBXProject "POVSphere" */;
			compatibilityVersion = "Xcode 3.2";
			developmentRegion = English;
			hasScannedForEncodings = 0;
			knownRegions = (
				en,
				Base,
			);
			mainGroup = 4F824FE51C80E2290090D3F5;
			productRefGroup = 4F824FEF1C80E2290090D3F5 /* Products */;
			projectDirPath = "";
			projectRoot = "";
			targets = (
				4F824FED1C80E2290090D3F5 /* POVSphere */,
				4F8250011C80E22A0090D3F5 /* POVSphereTests */,
				4F82500C1C80E22A0090D3F5 /* POVSphereUITests */,
			);
		};
/* End PBXProject section */

/* Begin PBXResourcesBuildPhase section */
		4F824FEC1C80E2290090D3F5 /* Resources */ = {
			isa = PBXResourcesBuildPhase;
			buildActionMask = 2147483647;
			files = (
				4F4712451CA5FF200076D68A /* CooperHewitt-Light.otf in Resources */,
				4F824FFC1C80E2290090D3F5 /* LaunchScreen.storyboard in Resources */,
				4F824FF91C80E2290090D3F5 /* Assets.xcassets in Resources */,
				4F824FF71C80E2290090D3F5 /* Main.storyboard in Resources */,
			);
			runOnlyForDeploymentPostprocessing = 0;
		};
		4F8250001C80E22A0090D3F5 /* Resources */ = {
			isa = PBXResourcesBuildPhase;
			buildActionMask = 2147483647;
			files = (
			);
			runOnlyForDeploymentPostprocessing = 0;
		};
		4F82500B1C80E22A0090D3F5 /* Resources */ = {
			isa = PBXResourcesBuildPhase;
			buildActionMask = 2147483647;
			files = (
			);
			runOnlyForDeploymentPostprocessing = 0;
		};
/* End PBXResourcesBuildPhase section */

/* Begin PBXShellScriptBuildPhase section */
		16E808F6640A2AB3F60AF892 /* Check Pods Manifest.lock */ = {
			isa = PBXShellScriptBuildPhase;
			buildActionMask = 2147483647;
			files = (
			);
			inputPaths = (
			);
			name = "Check Pods Manifest.lock";
			outputPaths = (
			);
			runOnlyForDeploymentPostprocessing = 0;
			shellPath = /bin/sh;
			shellScript = "diff \"${PODS_ROOT}/../Podfile.lock\" \"${PODS_ROOT}/Manifest.lock\" > /dev/null\nif [[ $? != 0 ]] ; then\n    cat << EOM\nerror: The sandbox is not in sync with the Podfile.lock. Run 'pod install' or update your CocoaPods installation.\nEOM\n    exit 1\nfi\n";
			showEnvVarsInLog = 0;
		};
		55FD007343F4D01CFB81D348 /* Embed Pods Frameworks */ = {
			isa = PBXShellScriptBuildPhase;
			buildActionMask = 2147483647;
			files = (
			);
			inputPaths = (
			);
			name = "Embed Pods Frameworks";
			outputPaths = (
			);
			runOnlyForDeploymentPostprocessing = 0;
			shellPath = /bin/sh;
			shellScript = "\"${SRCROOT}/Pods/Target Support Files/Pods/Pods-frameworks.sh\"\n";
			showEnvVarsInLog = 0;
		};
		9AFC65E1500ECE5B080C1D62 /* Copy Pods Resources */ = {
			isa = PBXShellScriptBuildPhase;
			buildActionMask = 2147483647;
			files = (
			);
			inputPaths = (
			);
			name = "Copy Pods Resources";
			outputPaths = (
			);
			runOnlyForDeploymentPostprocessing = 0;
			shellPath = /bin/sh;
			shellScript = "\"${SRCROOT}/Pods/Target Support Files/Pods/Pods-resources.sh\"\n";
			showEnvVarsInLog = 0;
		};
/* End PBXShellScriptBuildPhase section */

/* Begin PBXSourcesBuildPhase section */
		4F824FEA1C80E2290090D3F5 /* Sources */ = {
			isa = PBXSourcesBuildPhase;
			buildActionMask = 2147483647;
			files = (
				4FFBDDBF1C90BA0100EADF3B /* StaticModeCollectionViewCell.swift in Sources */,
				4F824FF21C80E2290090D3F5 /* AppDelegate.swift in Sources */,
				4FE58D241CCEAC170000E8D0 /* MessageModeViewController.swift in Sources */,
				4F2303A91C8E3F5A009C5F71 /* StaticModeSelectViewController.swift in Sources */,
				4FF96E8D1C8781B600165FCD /* BLEManager.swift in Sources */,
				4FF96E851C87805E00165FCD /* StaticModeRunningViewController.swift in Sources */,
				4FD586ED1CA9CC90002979B0 /* StaticModeNoIconCollectionViewCell.swift in Sources */,
				4FF96E8F1C8781D900165FCD /* BLEHandler.swift in Sources */,
				4FF96E811C87801100165FCD /* ConnectViewController.swift in Sources */,
				4F0185911C878D0A008E710E /* UtilityGlobal.swift in Sources */,
				4FFBDDC11C90BA0B00EADF3B /* DynamicModeCollectionViewCell.swift in Sources */,
				4F2303AB1C8E3F66009C5F71 /* DynamicModeSelectViewController.swift in Sources */,
				4FF96E871C8780BE00165FCD /* ArtModeViewController.swift in Sources */,
				4F01858F1C878AB9008E710E /* Mode.swift in Sources */,
			);
			runOnlyForDeploymentPostprocessing = 0;
		};
		4F824FFE1C80E22A0090D3F5 /* Sources */ = {
			isa = PBXSourcesBuildPhase;
			buildActionMask = 2147483647;
			files = (
				4F8250071C80E22A0090D3F5 /* POVSphereTests.swift in Sources */,
				4F1BDADC1CD044E200EF554C /* BLEHandler.swift in Sources */,
				669725CC1CD6A3840017E717 /* BLEManager.swift in Sources */,
				669725CA1CD6A1A70017E717 /* UtilityGlobal.swift in Sources */,
				669725CB1CD6A1AC0017E717 /* ConnectViewController.swift in Sources */,
				4FD694AB1CD1B6FE0091EF35 /* ArtModeViewController.swift in Sources */,
				4FE58D251CCEAC170000E8D0 /* MessageModeViewController.swift in Sources */,
			);
			runOnlyForDeploymentPostprocessing = 0;
		};
		4F8250091C80E22A0090D3F5 /* Sources */ = {
			isa = PBXSourcesBuildPhase;
			buildActionMask = 2147483647;
			files = (
				4F8250121C80E22A0090D3F5 /* POVSphereUITests.swift in Sources */,
			);
			runOnlyForDeploymentPostprocessing = 0;
		};
/* End PBXSourcesBuildPhase section */

/* Begin PBXTargetDependency section */
		4F8250041C80E22A0090D3F5 /* PBXTargetDependency */ = {
			isa = PBXTargetDependency;
			target = 4F824FED1C80E2290090D3F5 /* POVSphere */;
			targetProxy = 4F8250031C80E22A0090D3F5 /* PBXContainerItemProxy */;
		};
		4F82500F1C80E22A0090D3F5 /* PBXTargetDependency */ = {
			isa = PBXTargetDependency;
			target = 4F824FED1C80E2290090D3F5 /* POVSphere */;
			targetProxy = 4F82500E1C80E22A0090D3F5 /* PBXContainerItemProxy */;
		};
/* End PBXTargetDependency section */

/* Begin PBXVariantGroup section */
		4F824FF51C80E2290090D3F5 /* Main.storyboard */ = {
			isa = PBXVariantGroup;
			children = (
				4F824FF61C80E2290090D3F5 /* Base */,
			);
			name = Main.storyboard;
			sourceTree = "<group>";
		};
		4F824FFA1C80E2290090D3F5 /* LaunchScreen.storyboard */ = {
			isa = PBXVariantGroup;
			children = (
				4F824FFB1C80E2290090D3F5 /* Base */,
			);
			name = LaunchScreen.storyboard;
			sourceTree = "<group>";
		};
/* End PBXVariantGroup section */

/* Begin XCBuildConfiguration section */
		4F8250141C80E22A0090D3F5 /* Debug */ = {
			isa = XCBuildConfiguration;
			buildSettings = {
				ALWAYS_SEARCH_USER_PATHS = NO;
				CLANG_CXX_LANGUAGE_STANDARD = "gnu++0x";
				CLANG_CXX_LIBRARY = "libc++";
				CLANG_ENABLE_MODULES = YES;
				CLANG_ENABLE_OBJC_ARC = YES;
				CLANG_WARN_BOOL_CONVERSION = YES;
				CLANG_WARN_CONSTANT_CONVERSION = YES;
				CLANG_WARN_DIRECT_OBJC_ISA_USAGE = YES_ERROR;
				CLANG_WARN_EMPTY_BODY = YES;
				CLANG_WARN_ENUM_CONVERSION = YES;
				CLANG_WARN_INT_CONVERSION = YES;
				CLANG_WARN_OBJC_ROOT_CLASS = YES_ERROR;
				CLANG_WARN_UNREACHABLE_CODE = YES;
				CLANG_WARN__DUPLICATE_METHOD_MATCH = YES;
				"CODE_SIGN_IDENTITY[sdk=iphoneos*]" = "iPhone Developer";
				COPY_PHASE_STRIP = NO;
				DEBUG_INFORMATION_FORMAT = dwarf;
				ENABLE_STRICT_OBJC_MSGSEND = YES;
				ENABLE_TESTABILITY = YES;
				GCC_C_LANGUAGE_STANDARD = gnu99;
				GCC_DYNAMIC_NO_PIC = NO;
				GCC_NO_COMMON_BLOCKS = YES;
				GCC_OPTIMIZATION_LEVEL = 0;
				GCC_PREPROCESSOR_DEFINITIONS = (
					"DEBUG=1",
					"$(inherited)",
				);
				GCC_WARN_64_TO_32_BIT_CONVERSION = YES;
				GCC_WARN_ABOUT_RETURN_TYPE = YES_ERROR;
				GCC_WARN_UNDECLARED_SELECTOR = YES;
				GCC_WARN_UNINITIALIZED_AUTOS = YES_AGGRESSIVE;
				GCC_WARN_UNUSED_FUNCTION = YES;
				GCC_WARN_UNUSED_VARIABLE = YES;
				IPHONEOS_DEPLOYMENT_TARGET = 9.2;
				MTL_ENABLE_DEBUG_INFO = YES;
				ONLY_ACTIVE_ARCH = YES;
				SDKROOT = iphoneos;
				SWIFT_OPTIMIZATION_LEVEL = "-Onone";
				TARGETED_DEVICE_FAMILY = "1,2";
			};
			name = Debug;
		};
		4F8250151C80E22A0090D3F5 /* Release */ = {
			isa = XCBuildConfiguration;
			buildSettings = {
				ALWAYS_SEARCH_USER_PATHS = NO;
				CLANG_CXX_LANGUAGE_STANDARD = "gnu++0x";
				CLANG_CXX_LIBRARY = "libc++";
				CLANG_ENABLE_MODULES = YES;
				CLANG_ENABLE_OBJC_ARC = YES;
				CLANG_WARN_BOOL_CONVERSION = YES;
				CLANG_WARN_CONSTANT_CONVERSION = YES;
				CLANG_WARN_DIRECT_OBJC_ISA_USAGE = YES_ERROR;
				CLANG_WARN_EMPTY_BODY = YES;
				CLANG_WARN_ENUM_CONVERSION = YES;
				CLANG_WARN_INT_CONVERSION = YES;
				CLANG_WARN_OBJC_ROOT_CLASS = YES_ERROR;
				CLANG_WARN_UNREACHABLE_CODE = YES;
				CLANG_WARN__DUPLICATE_METHOD_MATCH = YES;
				"CODE_SIGN_IDENTITY[sdk=iphoneos*]" = "iPhone Developer";
				COPY_PHASE_STRIP = NO;
				DEBUG_INFORMATION_FORMAT = "dwarf-with-dsym";
				ENABLE_NS_ASSERTIONS = NO;
				ENABLE_STRICT_OBJC_MSGSEND = YES;
				GCC_C_LANGUAGE_STANDARD = gnu99;
				GCC_NO_COMMON_BLOCKS = YES;
				GCC_WARN_64_TO_32_BIT_CONVERSION = YES;
				GCC_WARN_ABOUT_RETURN_TYPE = YES_ERROR;
				GCC_WARN_UNDECLARED_SELECTOR = YES;
				GCC_WARN_UNINITIALIZED_AUTOS = YES_AGGRESSIVE;
				GCC_WARN_UNUSED_FUNCTION = YES;
				GCC_WARN_UNUSED_VARIABLE = YES;
				IPHONEOS_DEPLOYMENT_TARGET = 9.2;
				MTL_ENABLE_DEBUG_INFO = NO;
				SDKROOT = iphoneos;
				TARGETED_DEVICE_FAMILY = "1,2";
				VALIDATE_PRODUCT = YES;
			};
			name = Release;
		};
		4F8250171C80E22A0090D3F5 /* Debug */ = {
			isa = XCBuildConfiguration;
			baseConfigurationReference = 1D369FE48AE7B0669CA94596 /* Pods.debug.xcconfig */;
			buildSettings = {
				ASSETCATALOG_COMPILER_APPICON_NAME = AppIcon;
				INFOPLIST_FILE = POVSphere/Info.plist;
				IPHONEOS_DEPLOYMENT_TARGET = 9.2;
				LD_RUNPATH_SEARCH_PATHS = "$(inherited) @executable_path/Frameworks";
				PRODUCT_BUNDLE_IDENTIFIER = Kode.POVSphere;
				PRODUCT_NAME = "$(TARGET_NAME)";
			};
			name = Debug;
		};
		4F8250181C80E22A0090D3F5 /* Release */ = {
			isa = XCBuildConfiguration;
			baseConfigurationReference = 92199B5ABF526CD396DA82C3 /* Pods.release.xcconfig */;
			buildSettings = {
				ASSETCATALOG_COMPILER_APPICON_NAME = AppIcon;
				INFOPLIST_FILE = POVSphere/Info.plist;
				IPHONEOS_DEPLOYMENT_TARGET = 9.2;
				LD_RUNPATH_SEARCH_PATHS = "$(inherited) @executable_path/Frameworks";
				PRODUCT_BUNDLE_IDENTIFIER = Kode.POVSphere;
				PRODUCT_NAME = "$(TARGET_NAME)";
			};
			name = Release;
		};
		4F82501A1C80E22A0090D3F5 /* Debug */ = {
			isa = XCBuildConfiguration;
			buildSettings = {
				BUNDLE_LOADER = "$(TEST_HOST)";
				INFOPLIST_FILE = POVSphereTests/Info.plist;
				LD_RUNPATH_SEARCH_PATHS = "$(inherited) @executable_path/Frameworks @loader_path/Frameworks";
				PRODUCT_BUNDLE_IDENTIFIER = Kode.POVSphereTests;
				PRODUCT_NAME = "$(TARGET_NAME)";
				TEST_HOST = "$(BUILT_PRODUCTS_DIR)/POVSphere.app/POVSphere";
			};
			name = Debug;
		};
		4F82501B1C80E22A0090D3F5 /* Release */ = {
			isa = XCBuildConfiguration;
			buildSettings = {
				BUNDLE_LOADER = "$(TEST_HOST)";
				INFOPLIST_FILE = POVSphereTests/Info.plist;
				LD_RUNPATH_SEARCH_PATHS = "$(inherited) @executable_path/Frameworks @loader_path/Frameworks";
				PRODUCT_BUNDLE_IDENTIFIER = Kode.POVSphereTests;
				PRODUCT_NAME = "$(TARGET_NAME)";
				TEST_HOST = "$(BUILT_PRODUCTS_DIR)/POVSphere.app/POVSphere";
			};
			name = Release;
		};
		4F82501D1C80E22A0090D3F5 /* Debug */ = {
			isa = XCBuildConfiguration;
			buildSettings = {
				INFOPLIST_FILE = POVSphereUITests/Info.plist;
				LD_RUNPATH_SEARCH_PATHS = "$(inherited) @executable_path/Frameworks @loader_path/Frameworks";
				PRODUCT_BUNDLE_IDENTIFIER = Kode.POVSphereUITests;
				PRODUCT_NAME = "$(TARGET_NAME)";
				TEST_TARGET_NAME = POVSphere;
				USES_XCTRUNNER = YES;
			};
			name = Debug;
		};
		4F82501E1C80E22A0090D3F5 /* Release */ = {
			isa = XCBuildConfiguration;
			buildSettings = {
				INFOPLIST_FILE = POVSphereUITests/Info.plist;
				LD_RUNPATH_SEARCH_PATHS = "$(inherited) @executable_path/Frameworks @loader_path/Frameworks";
				PRODUCT_BUNDLE_IDENTIFIER = Kode.POVSphereUITests;
				PRODUCT_NAME = "$(TARGET_NAME)";
				TEST_TARGET_NAME = POVSphere;
				USES_XCTRUNNER = YES;
			};
			name = Release;
		};
/* End XCBuildConfiguration section */

/* Begin XCConfigurationList section */
		4F824FE91C80E2290090D3F5 /* Build configuration list for PBXProject "POVSphere" */ = {
			isa = XCConfigurationList;
			buildConfigurations = (
				4F8250141C80E22A0090D3F5 /* Debug */,
				4F8250151C80E22A0090D3F5 /* Release */,
			);
			defaultConfigurationIsVisible = 0;
			defaultConfigurationName = Release;
		};
		4F8250161C80E22A0090D3F5 /* Build configuration list for PBXNativeTarget "POVSphere" */ = {
			isa = XCConfigurationList;
			buildConfigurations = (
				4F8250171C80E22A0090D3F5 /* Debug */,
				4F8250181C80E22A0090D3F5 /* Release */,
			);
			defaultConfigurationIsVisible = 0;
			defaultConfigurationName = Release;
		};
		4F8250191C80E22A0090D3F5 /* Build configuration list for PBXNativeTarget "POVSphereTests" */ = {
			isa = XCConfigurationList;
			buildConfigurations = (
				4F82501A1C80E22A0090D3F5 /* Debug */,
				4F82501B1C80E22A0090D3F5 /* Release */,
			);
			defaultConfigurationIsVisible = 0;
			defaultConfigurationName = Release;
		};
		4F82501C1C80E22A0090D3F5 /* Build configuration list for PBXNativeTarget "POVSphereUITests" */ = {
			isa = XCConfigurationList;
			buildConfigurations = (
				4F82501D1C80E22A0090D3F5 /* Debug */,
				4F82501E1C80E22A0090D3F5 /* Release */,
			);
			defaultConfigurationIsVisible = 0;
			defaultConfigurationName = Release;
		};
/* End XCConfigurationList section */
	};
	rootObject = 4F824FE61C80E2290090D3F5 /* Project object */;
}
